
Microsoft Visual Studio Solution File, Format Version 12.00
# Visual Studio Version 17
VisualStudioVersion = 17.5.33530.505
MinimumVisualStudioVersion = 10.0.40219.1
Project("{FAE04EC0-301F-11D3-BF4B-00C04F79EFBC}") = "Contact", "Contact\Contact.csproj", "{A0589C62-BDF2-439A-98B6-0B53ACA5FEE6}"
EndProject
Global
	GlobalSection(SolutionConfigurationPlatforms) = preSolution
		Debug|Any CPU = Debug|Any CPU
		Release|Any CPU = Release|Any CPU
	EndGlobalSection
	GlobalSection(ProjectConfigurationPlatforms) = postSolution
		{A0589C62-BDF2-439A-98B6-0B53ACA5FEE6}.Debug|Any CPU.ActiveCfg = Debug|Any CPU
		{A0589C62-BDF2-439A-98B6-0B53ACA5FEE6}.Debug|Any CPU.Build.0 = Debug|Any CPU
		{A0589C62-BDF2-439A-98B6-0B53ACA5FEE6}.Release|Any CPU.ActiveCfg = Release|Any CPU
		{A0589C62-BDF2-439A-98B6-0B53ACA5FEE6}.Release|Any CPU.Build.0 = Release|Any CPU
	EndGlobalSection
	GlobalSection(SolutionProperties) = preSolution
		HideSolutionNode = FALSE
	EndGlobalSection
	GlobalSection(ExtensibilityGlobals) = postSolution
		SolutionGuid = {B0BD088F-8D87-43C2-A9C3-0A961C3DD483}
	EndGlobalSection
EndGlobal
